// !$*UTF8*$!
{
	archiveVersion = 1;
	classes = {
	};
	objectVersion = 46;
	objects = {

/* Begin PBXBuildFile section */
		6F7146941D0EEDA7005863FA /* blop.wav in Resources */ = {isa = PBXBuildFile; fileRef = 6F7146931D0EEDA7005863FA /* blop.wav */; };
		6F7146961D0F0528005863FA /* swoosh.wav in Resources */ = {isa = PBXBuildFile; fileRef = 6F7146951D0F0528005863FA /* swoosh.wav */; };
		6F7146981D0F0998005863FA /* functions.swift in Sources */ = {isa = PBXBuildFile; fileRef = 6F7146971D0F0998005863FA /* functions.swift */; };
		6F77A9D01D0DA9340042A9D8 /* PWYummyDonuts.ttf in Resources */ = {isa = PBXBuildFile; fileRef = 6F77A9CF1D0DA9340042A9D8 /* PWYummyDonuts.ttf */; };
		6F77A9F41D0DC1430042A9D8 /* Images.xcassets in Resources */ = {isa = PBXBuildFile; fileRef = 6F77A9F31D0DC1430042A9D8 /* Images.xcassets */; };
		6F77A9F61D0DC3A20042A9D8 /* 180 - iPhone 6 Plus.png in Resources */ = {isa = PBXBuildFile; fileRef = 6F77A9F51D0DC3A20042A9D8 /* 180 - iPhone 6 Plus.png */; };
		6FB5C9D51D0DA7D2004D6120 /* AppDelegate.swift in Sources */ = {isa = PBXBuildFile; fileRef = 6FB5C9D41D0DA7D2004D6120 /* AppDelegate.swift */; };
		6FB5C9D71D0DA7D2004D6120 /* ViewController.swift in Sources */ = {isa = PBXBuildFile; fileRef = 6FB5C9D61D0DA7D2004D6120 /* ViewController.swift */; };
		6FB5C9DA1D0DA7D3004D6120 /* Main.storyboard in Resources */ = {isa = PBXBuildFile; fileRef = 6FB5C9D81D0DA7D3004D6120 /* Main.storyboard */; };
		6FB5C9DF1D0DA7D3004D6120 /* LaunchScreen.storyboard in Resources */ = {isa = PBXBuildFile; fileRef = 6FB5C9DD1D0DA7D3004D6120 /* LaunchScreen.storyboard */; };
/* End PBXBuildFile section */

/* Begin PBXFileReference section */
		6F7146931D0EEDA7005863FA /* blop.wav */ = {isa = PBXFileReference; lastKnownFileType = audio.wav; path = blop.wav; sourceTree = "<group>"; };
		6F7146951D0F0528005863FA /* swoosh.wav */ = {isa = PBXFileReference; lastKnownFileType = audio.wav; path = swoosh.wav; sourceTree = "<group>"; };
		6F7146971D0F0998005863FA /* functions.swift */ = {isa = PBXFileReference; fileEncoding = 4; lastKnownFileType = sourcecode.swift; path = functions.swift; sourceTree = "<group>"; };
		6F77A9CF1D0DA9340042A9D8 /* PWYummyDonuts.ttf */ = {isa = PBXFileReference; lastKnownFileType = file; path = PWYummyDonuts.ttf; sourceTree = "<group>"; };
		6F77A9F31D0DC1430042A9D8 /* Images.xcassets */ = {isa = PBXFileReference; lastKnownFileType = folder.assetcatalog; name = Images.xcassets; path = ../Images.xcassets; sourceTree = "<group>"; };
		6F77A9F51D0DC3A20042A9D8 /* 180 - iPhone 6 Plus.png */ = {isa = PBXFileReference; lastKnownFileType = image.png; path = "180 - iPhone 6 Plus.png"; sourceTree = "<group>"; };
		6FB5C9D11D0DA7D2004D6120 /* DonutCalculator.app */ = {isa = PBXFileReference; explicitFileType = wrapper.application; includeInIndex = 0; path = DonutCalculator.app; sourceTree = BUILT_PRODUCTS_DIR; };
		6FB5C9D41D0DA7D2004D6120 /* AppDelegate.swift */ = {isa = PBXFileReference; lastKnownFileType = sourcecode.swift; path = AppDelegate.swift; sourceTree = "<group>"; };
		6FB5C9D61D0DA7D2004D6120 /* ViewController.swift */ = {isa = PBXFileReference; lastKnownFileType = sourcecode.swift; path = ViewController.swift; sourceTree = "<group>"; };
		6FB5C9D91D0DA7D3004D6120 /* Base */ = {isa = PBXFileReference; lastKnownFileType = file.storyboard; name = Base; path = Base.lproj/Main.storyboard; sourceTree = "<group>"; };
		6FB5C9DE1D0DA7D3004D6120 /* Base */ = {isa = PBXFileReference; lastKnownFileType = file.storyboard; name = Base; path = Base.lproj/LaunchScreen.storyboard; sourceTree = "<group>"; };
		6FB5C9E01D0DA7D3004D6120 /* Info.plist */ = {isa = PBXFileReference; lastKnownFileType = text.plist.xml; path = Info.plist; sourceTree = "<group>"; };
/* End PBXFileReference section */

/* Begin PBXFrameworksBuildPhase section */
		6FB5C9CE1D0DA7D2004D6120 /* Frameworks */ = {
			isa = PBXFrameworksBuildPhase;
			buildActionMask = 2147483647;
			files = (
			);
			runOnlyForDeploymentPostprocessing = 0;
		};
/* End PBXFrameworksBuildPhase section */

/* Begin PBXGroup section */
		6F77A9CE1D0DA9070042A9D8 /* Resources */ = {
			isa = PBXGroup;
			children = (
				6F7146931D0EEDA7005863FA /* blop.wav */,
				6F7146951D0F0528005863FA /* swoosh.wav */,
				6F77A9CF1D0DA9340042A9D8 /* PWYummyDonuts.ttf */,
			);
			name = Resources;
			sourceTree = "<group>";
		};
		6FB5C9C81D0DA7D2004D6120 = {
			isa = PBXGroup;
			children = (
				6FB5C9D31D0DA7D2004D6120 /* DonutCalculator */,
				6FB5C9D21D0DA7D2004D6120 /* Products */,
			);
			sourceTree = "<group>";
		};
		6FB5C9D21D0DA7D2004D6120 /* Products */ = {
			isa = PBXGroup;
			children = (
				6FB5C9D11D0DA7D2004D6120 /* DonutCalculator.app */,
			);
			name = Products;
			sourceTree = "<group>";
		};
		6FB5C9D31D0DA7D2004D6120 /* DonutCalculator */ = {
			isa = PBXGroup;
			children = (
				6F77A9CE1D0DA9070042A9D8 /* Resources */,
				6FB5C9D41D0DA7D2004D6120 /* AppDelegate.swift */,
				6FB5C9D61D0DA7D2004D6120 /* ViewController.swift */,
				6FB5C9D81D0DA7D3004D6120 /* Main.storyboard */,
				6F77A9F31D0DC1430042A9D8 /* Images.xcassets */,
				6F77A9F51D0DC3A20042A9D8 /* 180 - iPhone 6 Plus.png */,
				6FB5C9DD1D0DA7D3004D6120 /* LaunchScreen.storyboard */,
				6FB5C9E01D0DA7D3004D6120 /* Info.plist */,
				6F7146971D0F0998005863FA /* functions.swift */,
			);
			path = DonutCalculator;
			sourceTree = "<group>";
		};
/* End PBXGroup section */

/* Begin PBXNativeTarget section */
		6FB5C9D01D0DA7D2004D6120 /* DonutCalculator */ = {
			isa = PBXNativeTarget;
			buildConfigurationList = 6FB5C9E31D0DA7D3004D6120 /* Build configuration list for PBXNativeTarget "DonutCalculator" */;
			buildPhases = (
				6FB5C9CD1D0DA7D2004D6120 /* Sources */,
				6FB5C9CE1D0DA7D2004D6120 /* Frameworks */,
				6FB5C9CF1D0DA7D2004D6120 /* Resources */,
			);
			buildRules = (
			);
			dependencies = (
			);
			name = DonutCalculator;
			productName = DonutCalculator;
			productReference = 6FB5C9D11D0DA7D2004D6120 /* DonutCalculator.app */;
			productType = "com.apple.product-type.application";
		};
/* End PBXNativeTarget section */

/* Begin PBXProject section */
		6FB5C9C91D0DA7D2004D6120 /* Project object */ = {
			isa = PBXProject;
			attributes = {
				LastSwiftUpdateCheck = 0730;
				LastUpgradeCheck = 0730;
				ORGANIZATIONNAME = "Andrew's Personal";
				TargetAttributes = {
					6FB5C9D01D0DA7D2004D6120 = {
						CreatedOnToolsVersion = 7.3;
						DevelopmentTeam = 3J34Z2C58S;
					};
				};
			};
			buildConfigurationList = 6FB5C9CC1D0DA7D2004D6120 /* Build configuration list for PBXProject "DonutCalculator" */;
			compatibilityVersion = "Xcode 3.2";
			developmentRegion = English;
			hasScannedForEncodings = 0;
			knownRegions = (
				en,
				Base,
			);
			mainGroup = 6FB5C9C81D0DA7D2004D6120;
			productRefGroup = 6FB5C9D21D0DA7D2004D6120 /* Products */;
			projectDirPath = "";
			projectRoot = "";
			targets = (
				6FB5C9D01D0DA7D2004D6120 /* DonutCalculator */,
			);
		};
/* End PBXProject section */

/* Begin PBXResourcesBuildPhase section */
		6FB5C9CF1D0DA7D2004D6120 /* Resources */ = {
			isa = PBXResourcesBuildPhase;
			buildActionMask = 2147483647;
			files = (
				6FB5C9DF1D0DA7D3004D6120 /* LaunchScreen.storyboard in Resources */,
				6F77A9F41D0DC1430042A9D8 /* Images.xcassets in Resources */,
				6F77A9F61D0DC3A20042A9D8 /* 180 - iPhone 6 Plus.png in Resources */,
				6F7146961D0F0528005863FA /* swoosh.wav in Resources */,
				6F7146941D0EEDA7005863FA /* blop.wav in Resources */,
				6F77A9D01D0DA9340042A9D8 /* PWYummyDonuts.ttf in Resources */,
				6FB5C9DA1D0DA7D3004D6120 /* Main.storyboard in Resources */,
			);
			runOnlyForDeploymentPostprocessing = 0;
		};
/* End PBXResourcesBuildPhase section */

/* Begin PBXSourcesBuildPhase section */
		6FB5C9CD1D0DA7D2004D6120 /* Sources */ = {
			isa = PBXSourcesBuildPhase;
			buildActionMask = 2147483647;
			files = (
				6FB5C9D71D0DA7D2004D6120 /* ViewController.swift in Sources */,
				6FB5C9D51D0DA7D2004D6120 /* AppDelegate.swift in Sources */,
				6F7146981D0F0998005863FA /* functions.swift in Sources */,
			);
			runOnlyForDeploymentPostprocessing = 0;
		};
/* End PBXSourcesBuildPhase section */

/* Begin PBXVariantGroup section */
		6FB5C9D81D0DA7D3004D6120 /* Main.storyboard */ = {
			isa = PBXVariantGroup;
			children = (
				6FB5C9D91D0DA7D3004D6120 /* Base */,
			);
			name = Main.storyboard;
			sourceTree = "<group>";
		};
		6FB5C9DD1D0DA7D3004D6120 /* LaunchScreen.storyboard */ = {
			isa = PBXVariantGroup;
			children = (
				6FB5C9DE1D0DA7D3004D6120 /* Base */,
			);
			name = LaunchScreen.storyboard;
			sourceTree = "<group>";
		};
/* End PBXVariantGroup section */

/* Begin XCBuildConfiguration section */
		6FB5C9E11D0DA7D3004D6120 /* Debug */ = {
			isa = XCBuildConfiguration;
			buildSettings = {
				ALWAYS_SEARCH_USER_PATHS = NO;
				CLANG_ANALYZER_NONNULL = YES;
				CLANG_CXX_LANGUAGE_STANDARD = "gnu++0x";
				CLANG_CXX_LIBRARY = "libc++";
				CLANG_ENABLE_MODULES = YES;
				CLANG_ENABLE_OBJC_ARC = YES;
				CLANG_WARN_BOOL_CONVERSION = YES;
				CLANG_WARN_CONSTANT_CONVERSION = YES;
				CLANG_WARN_DIRECT_OBJC_ISA_USAGE = YES_ERROR;
				CLANG_WARN_EMPTY_BODY = YES;
				CLANG_WARN_ENUM_CONVERSION = YES;
				CLANG_WARN_INT_CONVERSION = YES;
				CLANG_WARN_OBJC_ROOT_CLASS = YES_ERROR;
				CLANG_WARN_UNREACHABLE_CODE = YES;
				CLANG_WARN__DUPLICATE_METHOD_MATCH = YES;
				"CODE_SIGN_IDENTITY[sdk=iphoneos*]" = "iPhone Developer";
				COPY_PHASE_STRIP = NO;
				DEBUG_INFORMATION_FORMAT = dwarf;
				ENABLE_STRICT_OBJC_MSGSEND = YES;
				ENABLE_TESTABILITY = YES;
				GCC_C_LANGUAGE_STANDARD = gnu99;
				GCC_DYNAMIC_NO_PIC = NO;
				GCC_NO_COMMON_BLOCKS = YES;
				GCC_OPTIMIZATION_LEVEL = 0;
				GCC_PREPROCESSOR_DEFINITIONS = (
					"DEBUG=1",
					"$(inherited)",
				);
				GCC_WARN_64_TO_32_BIT_CONVERSION = YES;
				GCC_WARN_ABOUT_RETURN_TYPE = YES_ERROR;
				GCC_WARN_UNDECLARED_SELECTOR = YES;
				GCC_WARN_UNINITIALIZED_AUTOS = YES_AGGRESSIVE;
				GCC_WARN_UNUSED_FUNCTION = YES;
				GCC_WARN_UNUSED_VARIABLE = YES;
				IPHONEOS_DEPLOYMENT_TARGET = 9.3;
				MTL_ENABLE_DEBUG_INFO = YES;
				ONLY_ACTIVE_ARCH = YES;
				SDKROOT = iphoneos;
				SWIFT_OPTIMIZATION_LEVEL = "-Onone";
			};
			name = Debug;
		};
		6FB5C9E21D0DA7D3004D6120 /* Release */ = {
			isa = XCBuildConfiguration;
			buildSettings = {
				ALWAYS_SEARCH_USER_PATHS = NO;
				CLANG_ANALYZER_NONNULL = YES;
				CLANG_CXX_LANGUAGE_STANDARD = "gnu++0x";
				CLANG_CXX_LIBRARY = "libc++";
				CLANG_ENABLE_MODULES = YES;
				CLANG_ENABLE_OBJC_ARC = YES;
				CLANG_WARN_BOOL_CONVERSION = YES;
				CLANG_WARN_CONSTANT_CONVERSION = YES;
				CLANG_WARN_DIRECT_OBJC_ISA_USAGE = YES_ERROR;
				CLANG_WARN_EMPTY_BODY = YES;
				CLANG_WARN_ENUM_CONVERSION = YES;
				CLANG_WARN_INT_CONVERSION = YES;
				CLANG_WARN_OBJC_ROOT_CLASS = YES_ERROR;
				CLANG_WARN_UNREACHABLE_CODE = YES;
				CLANG_WARN__DUPLICATE_METHOD_MATCH = YES;
				"CODE_SIGN_IDENTITY[sdk=iphoneos*]" = "iPhone Developer";
				COPY_PHASE_STRIP = NO;
				DEBUG_INFORMATION_FORMAT = "dwarf-with-dsym";
				ENABLE_NS_ASSERTIONS = NO;
				ENABLE_STRICT_OBJC_MSGSEND = YES;
				GCC_C_LANGUAGE_STANDARD = gnu99;
				GCC_NO_COMMON_BLOCKS = YES;
				GCC_WARN_64_TO_32_BIT_CONVERSION = YES;
				GCC_WARN_ABOUT_RETURN_TYPE = YES_ERROR;
				GCC_WARN_UNDECLARED_SELECTOR = YES;
				GCC_WARN_UNINITIALIZED_AUTOS = YES_AGGRESSIVE;
				GCC_WARN_UNUSED_FUNCTION = YES;
				GCC_WARN_UNUSED_VARIABLE = YES;
				IPHONEOS_DEPLOYMENT_TARGET = 9.3;
				MTL_ENABLE_DEBUG_INFO = NO;
				SDKROOT = iphoneos;
				VALIDATE_PRODUCT = YES;
			};
			name = Release;
		};
		6FB5C9E41D0DA7D3004D6120 /* Debug */ = {
			isa = XCBuildConfiguration;
			buildSettings = {
				ASSETCATALOG_COMPILER_APPICON_NAME = AppIcon;
				INFOPLIST_FILE = DonutCalculator/Info.plist;
				LD_RUNPATH_SEARCH_PATHS = "$(inherited) @executable_path/Frameworks";
				PRODUCT_BUNDLE_IDENTIFIER = com.AndrewPersonal.DonutCalculator;
				PRODUCT_NAME = "$(TARGET_NAME)";
			};
			name = Debug;
		};
		6FB5C9E51D0DA7D3004D6120 /* Release */ = {
			isa = XCBuildConfiguration;
			buildSettings = {
				ASSETCATALOG_COMPILER_APPICON_NAME = AppIcon;
				INFOPLIST_FILE = DonutCalculator/Info.plist;
				LD_RUNPATH_SEARCH_PATHS = "$(inherited) @executable_path/Frameworks";
				PRODUCT_BUNDLE_IDENTIFIER = com.AndrewPersonal.DonutCalculator;
				PRODUCT_NAME = "$(TARGET_NAME)";
			};
			name = Release;
		};
/* End XCBuildConfiguration section */

/* Begin XCConfigurationList section */
		6FB5C9CC1D0DA7D2004D6120 /* Build configuration list for PBXProject "DonutCalculator" */ = {
			isa = XCConfigurationList;
			buildConfigurations = (
				6FB5C9E11D0DA7D3004D6120 /* Debug */,
				6FB5C9E21D0DA7D3004D6120 /* Release */,
			);
			defaultConfigurationIsVisible = 0;
			defaultConfigurationName = Release;
		};
		6FB5C9E31D0DA7D3004D6120 /* Build configuration list for PBXNativeTarget "DonutCalculator" */ = {
			isa = XCConfigurationList;
			buildConfigurations = (
				6FB5C9E41D0DA7D3004D6120 /* Debug */,
				6FB5C9E51D0DA7D3004D6120 /* Release */,
			);
			defaultConfigurationIsVisible = 0;
			defaultConfigurationName = Release;
		};
/* End XCConfigurationList section */
	};
	rootObject = 6FB5C9C91D0DA7D2004D6120 /* Project object */;
}
